
Microsoft Visual Studio Solution File, Format Version 12.00
# Visual Studio 15
VisualStudioVersion = 15.0.28307.168
MinimumVisualStudioVersion = 10.0.40219.1
Project("{FAE04EC0-301F-11D3-BF4B-00C04F79EFBC}") = "Grada_Mobile.Android", "Grada_Mobile\Grada_Mobile.Android\Grada_Mobile.Android.csproj", "{24CE3C36-16B9-426D-AA0C-5961ECF8D88C}"
EndProject
Project("{FAE04EC0-301F-11D3-BF4B-00C04F79EFBC}") = "Grada_Mobile.iOS", "Grada_Mobile\Grada_Mobile.iOS\Grada_Mobile.iOS.csproj", "{45801ECC-2040-45C0-AF6D-BEE6A2E9B8AC}"
EndProject
Project("{FAE04EC0-301F-11D3-BF4B-00C04F79EFBC}") = "Grada_Mobile", "Grada_Mobile\Grada_Mobile\Grada_Mobile.csproj", "{B19C513B-1CD7-41F9-9FEC-046AF2F0AD13}"
EndProject
Global
	GlobalSection(SolutionConfigurationPlatforms) = preSolution
		Debug|Any CPU = Debug|Any CPU
		Debug|iPhone = Debug|iPhone
		Debug|iPhoneSimulator = Debug|iPhoneSimulator
		Release|Any CPU = Release|Any CPU
		Release|iPhone = Release|iPhone
		Release|iPhoneSimulator = Release|iPhoneSimulator
	EndGlobalSection
	GlobalSection(ProjectConfigurationPlatforms) = postSolution
		{24CE3C36-16B9-426D-AA0C-5961ECF8D88C}.Debug|Any CPU.ActiveCfg = Debug|Any CPU
		{24CE3C36-16B9-426D-AA0C-5961ECF8D88C}.Debug|Any CPU.Build.0 = Debug|Any CPU
		{24CE3C36-16B9-426D-AA0C-5961ECF8D88C}.Debug|Any CPU.Deploy.0 = Debug|Any CPU
		{24CE3C36-16B9-426D-AA0C-5961ECF8D88C}.Debug|iPhone.ActiveCfg = Debug|Any CPU
		{24CE3C36-16B9-426D-AA0C-5961ECF8D88C}.Debug|iPhone.Build.0 = Debug|Any CPU
		{24CE3C36-16B9-426D-AA0C-5961ECF8D88C}.Debug|iPhone.Deploy.0 = Debug|Any CPU
		{24CE3C36-16B9-426D-AA0C-5961ECF8D88C}.Debug|iPhoneSimulator.ActiveCfg = Debug|Any CPU
		{24CE3C36-16B9-426D-AA0C-5961ECF8D88C}.Debug|iPhoneSimulator.Build.0 = Debug|Any CPU
		{24CE3C36-16B9-426D-AA0C-5961ECF8D88C}.Debug|iPhoneSimulator.Deploy.0 = Debug|Any CPU
		{24CE3C36-16B9-426D-AA0C-5961ECF8D88C}.Release|Any CPU.ActiveCfg = Release|Any CPU
		{24CE3C36-16B9-426D-AA0C-5961ECF8D88C}.Release|Any CPU.Build.0 = Release|Any CPU
		{24CE3C36-16B9-426D-AA0C-5961ECF8D88C}.Release|Any CPU.Deploy.0 = Release|Any CPU
		{24CE3C36-16B9-426D-AA0C-5961ECF8D88C}.Release|iPhone.ActiveCfg = Release|Any CPU
		{24CE3C36-16B9-426D-AA0C-5961ECF8D88C}.Release|iPhone.Build.0 = Release|Any CPU
		{24CE3C36-16B9-426D-AA0C-5961ECF8D88C}.Release|iPhone.Deploy.0 = Release|Any CPU
		{24CE3C36-16B9-426D-AA0C-5961ECF8D88C}.Release|iPhoneSimulator.ActiveCfg = Release|Any CPU
		{24CE3C36-16B9-426D-AA0C-5961ECF8D88C}.Release|iPhoneSimulator.Build.0 = Release|Any CPU
		{24CE3C36-16B9-426D-AA0C-5961ECF8D88C}.Release|iPhoneSimulator.Deploy.0 = Release|Any CPU
		{45801ECC-2040-45C0-AF6D-BEE6A2E9B8AC}.Debug|Any CPU.ActiveCfg = Debug|iPhoneSimulator
		{45801ECC-2040-45C0-AF6D-BEE6A2E9B8AC}.Debug|Any CPU.Build.0 = Debug|iPhoneSimulator
		{45801ECC-2040-45C0-AF6D-BEE6A2E9B8AC}.Debug|Any CPU.Deploy.0 = Debug|iPhoneSimulator
		{45801ECC-2040-45C0-AF6D-BEE6A2E9B8AC}.Debug|iPhone.ActiveCfg = Debug|iPhone
		{45801ECC-2040-45C0-AF6D-BEE6A2E9B8AC}.Debug|iPhone.Build.0 = Debug|iPhone
		{45801ECC-2040-45C0-AF6D-BEE6A2E9B8AC}.Debug|iPhone.Deploy.0 = Debug|iPhone
		{45801ECC-2040-45C0-AF6D-BEE6A2E9B8AC}.Debug|iPhoneSimulator.ActiveCfg = Debug|iPhoneSimulator
		{45801ECC-2040-45C0-AF6D-BEE6A2E9B8AC}.Debug|iPhoneSimulator.Build.0 = Debug|iPhoneSimulator
		{45801ECC-2040-45C0-AF6D-BEE6A2E9B8AC}.Debug|iPhoneSimulator.Deploy.0 = Debug|iPhoneSimulator
		{45801ECC-2040-45C0-AF6D-BEE6A2E9B8AC}.Release|Any CPU.ActiveCfg = Release|iPhone
		{45801ECC-2040-45C0-AF6D-BEE6A2E9B8AC}.Release|Any CPU.Build.0 = Release|iPhone
		{45801ECC-2040-45C0-AF6D-BEE6A2E9B8AC}.Release|Any CPU.Deploy.0 = Release|iPhone
		{45801ECC-2040-45C0-AF6D-BEE6A2E9B8AC}.Release|iPhone.ActiveCfg = Release|iPhone
		{45801ECC-2040-45C0-AF6D-BEE6A2E9B8AC}.Release|iPhone.Build.0 = Release|iPhone
		{45801ECC-2040-45C0-AF6D-BEE6A2E9B8AC}.Release|iPhone.Deploy.0 = Release|iPhone
		{45801ECC-2040-45C0-AF6D-BEE6A2E9B8AC}.Release|iPhoneSimulator.ActiveCfg = Release|iPhoneSimulator
		{45801ECC-2040-45C0-AF6D-BEE6A2E9B8AC}.Release|iPhoneSimulator.Build.0 = Release|iPhoneSimulator
		{45801ECC-2040-45C0-AF6D-BEE6A2E9B8AC}.Release|iPhoneSimulator.Deploy.0 = Release|iPhoneSimulator
		{B19C513B-1CD7-41F9-9FEC-046AF2F0AD13}.Debug|Any CPU.ActiveCfg = Debug|Any CPU
		{B19C513B-1CD7-41F9-9FEC-046AF2F0AD13}.Debug|Any CPU.Build.0 = Debug|Any CPU
		{B19C513B-1CD7-41F9-9FEC-046AF2F0AD13}.Debug|Any CPU.Deploy.0 = Debug|Any CPU
		{B19C513B-1CD7-41F9-9FEC-046AF2F0AD13}.Debug|iPhone.ActiveCfg = Debug|Any CPU
		{B19C513B-1CD7-41F9-9FEC-046AF2F0AD13}.Debug|iPhone.Build.0 = Debug|Any CPU
		{B19C513B-1CD7-41F9-9FEC-046AF2F0AD13}.Debug|iPhone.Deploy.0 = Debug|Any CPU
		{B19C513B-1CD7-41F9-9FEC-046AF2F0AD13}.Debug|iPhoneSimulator.ActiveCfg = Debug|Any CPU
		{B19C513B-1CD7-41F9-9FEC-046AF2F0AD13}.Debug|iPhoneSimulator.Build.0 = Debug|Any CPU
		{B19C513B-1CD7-41F9-9FEC-046AF2F0AD13}.Debug|iPhoneSimulator.Deploy.0 = Debug|Any CPU
		{B19C513B-1CD7-41F9-9FEC-046AF2F0AD13}.Release|Any CPU.ActiveCfg = Release|Any CPU
		{B19C513B-1CD7-41F9-9FEC-046AF2F0AD13}.Release|Any CPU.Build.0 = Release|Any CPU
		{B19C513B-1CD7-41F9-9FEC-046AF2F0AD13}.Release|Any CPU.Deploy.0 = Release|Any CPU
		{B19C513B-1CD7-41F9-9FEC-046AF2F0AD13}.Release|iPhone.ActiveCfg = Release|Any CPU
		{B19C513B-1CD7-41F9-9FEC-046AF2F0AD13}.Release|iPhone.Build.0 = Release|Any CPU
		{B19C513B-1CD7-41F9-9FEC-046AF2F0AD13}.Release|iPhone.Deploy.0 = Release|Any CPU
		{B19C513B-1CD7-41F9-9FEC-046AF2F0AD13}.Release|iPhoneSimulator.ActiveCfg = Release|Any CPU
		{B19C513B-1CD7-41F9-9FEC-046AF2F0AD13}.Release|iPhoneSimulator.Build.0 = Release|Any CPU
		{B19C513B-1CD7-41F9-9FEC-046AF2F0AD13}.Release|iPhoneSimulator.Deploy.0 = Release|Any CPU
	EndGlobalSection
	GlobalSection(SolutionProperties) = preSolution
		HideSolutionNode = FALSE
	EndGlobalSection
	GlobalSection(ExtensibilityGlobals) = postSolution
		SolutionGuid = {0105FC99-7DDD-4F85-8CFB-5255BD808D4E}
	EndGlobalSection
EndGlobal
